// !$*UTF8*$!
{
	archiveVersion = 1;
	classes = {
	};
	objectVersion = 50;
	objects = {

/* Begin PBXBuildFile section */
		540A466B23C7AFC700E4A042 /* AppDelegate.swift in Sources */ = {isa = PBXBuildFile; fileRef = 540A466A23C7AFC700E4A042 /* AppDelegate.swift */; };
		540A466D23C7AFC700E4A042 /* ViewController.swift in Sources */ = {isa = PBXBuildFile; fileRef = 540A466C23C7AFC700E4A042 /* ViewController.swift */; };
		540A466F23C7AFC900E4A042 /* Assets.xcassets in Resources */ = {isa = PBXBuildFile; fileRef = 540A466E23C7AFC900E4A042 /* Assets.xcassets */; };
		540A467223C7AFC900E4A042 /* Main.storyboard in Resources */ = {isa = PBXBuildFile; fileRef = 540A467023C7AFC900E4A042 /* Main.storyboard */; };
		540A467E23C7AFC900E4A042 /* All_Your_Base64Tests.swift in Sources */ = {isa = PBXBuildFile; fileRef = 540A467D23C7AFC900E4A042 /* All_Your_Base64Tests.swift */; };
		540A468923C7AFC900E4A042 /* All_Your_Base64UITests.swift in Sources */ = {isa = PBXBuildFile; fileRef = 540A468823C7AFC900E4A042 /* All_Your_Base64UITests.swift */; };
/* End PBXBuildFile section */

/* Begin PBXContainerItemProxy section */
		540A467A23C7AFC900E4A042 /* PBXContainerItemProxy */ = {
			isa = PBXContainerItemProxy;
			containerPortal = 540A465F23C7AFC700E4A042 /* Project object */;
			proxyType = 1;
			remoteGlobalIDString = 540A466623C7AFC700E4A042;
			remoteInfo = "All Your Base64";
		};
		540A468523C7AFC900E4A042 /* PBXContainerItemProxy */ = {
			isa = PBXContainerItemProxy;
			containerPortal = 540A465F23C7AFC700E4A042 /* Project object */;
			proxyType = 1;
			remoteGlobalIDString = 540A466623C7AFC700E4A042;
			remoteInfo = "All Your Base64";
		};
/* End PBXContainerItemProxy section */

/* Begin PBXFileReference section */
		540A466723C7AFC700E4A042 /* All Your Base64.app */ = {isa = PBXFileReference; explicitFileType = wrapper.application; includeInIndex = 0; path = "All Your Base64.app"; sourceTree = BUILT_PRODUCTS_DIR; };
		540A466A23C7AFC700E4A042 /* AppDelegate.swift */ = {isa = PBXFileReference; lastKnownFileType = sourcecode.swift; path = AppDelegate.swift; sourceTree = "<group>"; };
		540A466C23C7AFC700E4A042 /* ViewController.swift */ = {isa = PBXFileReference; lastKnownFileType = sourcecode.swift; path = ViewController.swift; sourceTree = "<group>"; };
		540A466E23C7AFC900E4A042 /* Assets.xcassets */ = {isa = PBXFileReference; lastKnownFileType = folder.assetcatalog; path = Assets.xcassets; sourceTree = "<group>"; };
		540A467123C7AFC900E4A042 /* Base */ = {isa = PBXFileReference; lastKnownFileType = file.storyboard; name = Base; path = Base.lproj/Main.storyboard; sourceTree = "<group>"; };
		540A467323C7AFC900E4A042 /* Info.plist */ = {isa = PBXFileReference; lastKnownFileType = text.plist.xml; path = Info.plist; sourceTree = "<group>"; };
		540A467423C7AFC900E4A042 /* All_Your_Base64.entitlements */ = {isa = PBXFileReference; lastKnownFileType = text.plist.entitlements; path = All_Your_Base64.entitlements; sourceTree = "<group>"; };
		540A467923C7AFC900E4A042 /* All Your Base64Tests.xctest */ = {isa = PBXFileReference; explicitFileType = wrapper.cfbundle; includeInIndex = 0; path = "All Your Base64Tests.xctest"; sourceTree = BUILT_PRODUCTS_DIR; };
		540A467D23C7AFC900E4A042 /* All_Your_Base64Tests.swift */ = {isa = PBXFileReference; lastKnownFileType = sourcecode.swift; path = All_Your_Base64Tests.swift; sourceTree = "<group>"; };
		540A467F23C7AFC900E4A042 /* Info.plist */ = {isa = PBXFileReference; lastKnownFileType = text.plist.xml; path = Info.plist; sourceTree = "<group>"; };
		540A468423C7AFC900E4A042 /* All Your Base64UITests.xctest */ = {isa = PBXFileReference; explicitFileType = wrapper.cfbundle; includeInIndex = 0; path = "All Your Base64UITests.xctest"; sourceTree = BUILT_PRODUCTS_DIR; };
		540A468823C7AFC900E4A042 /* All_Your_Base64UITests.swift */ = {isa = PBXFileReference; lastKnownFileType = sourcecode.swift; path = All_Your_Base64UITests.swift; sourceTree = "<group>"; };
		540A468A23C7AFC900E4A042 /* Info.plist */ = {isa = PBXFileReference; lastKnownFileType = text.plist.xml; path = Info.plist; sourceTree = "<group>"; };
/* End PBXFileReference section */

/* Begin PBXFrameworksBuildPhase section */
		540A466423C7AFC700E4A042 /* Frameworks */ = {
			isa = PBXFrameworksBuildPhase;
			buildActionMask = 2147483647;
			files = (
			);
			runOnlyForDeploymentPostprocessing = 0;
		};
		540A467623C7AFC900E4A042 /* Frameworks */ = {
			isa = PBXFrameworksBuildPhase;
			buildActionMask = 2147483647;
			files = (
			);
			runOnlyForDeploymentPostprocessing = 0;
		};
		540A468123C7AFC900E4A042 /* Frameworks */ = {
			isa = PBXFrameworksBuildPhase;
			buildActionMask = 2147483647;
			files = (
			);
			runOnlyForDeploymentPostprocessing = 0;
		};
/* End PBXFrameworksBuildPhase section */

/* Begin PBXGroup section */
		540A465E23C7AFC700E4A042 = {
			isa = PBXGroup;
			children = (
				540A466923C7AFC700E4A042 /* All Your Base64 */,
				540A467C23C7AFC900E4A042 /* All Your Base64Tests */,
				540A468723C7AFC900E4A042 /* All Your Base64UITests */,
				540A466823C7AFC700E4A042 /* Products */,
			);
			sourceTree = "<group>";
		};
		540A466823C7AFC700E4A042 /* Products */ = {
			isa = PBXGroup;
			children = (
				540A466723C7AFC700E4A042 /* All Your Base64.app */,
				540A467923C7AFC900E4A042 /* All Your Base64Tests.xctest */,
				540A468423C7AFC900E4A042 /* All Your Base64UITests.xctest */,
			);
			name = Products;
			sourceTree = "<group>";
		};
		540A466923C7AFC700E4A042 /* All Your Base64 */ = {
			isa = PBXGroup;
			children = (
				540A466A23C7AFC700E4A042 /* AppDelegate.swift */,
				540A466C23C7AFC700E4A042 /* ViewController.swift */,
				540A466E23C7AFC900E4A042 /* Assets.xcassets */,
				540A467023C7AFC900E4A042 /* Main.storyboard */,
				540A467323C7AFC900E4A042 /* Info.plist */,
				540A467423C7AFC900E4A042 /* All_Your_Base64.entitlements */,
			);
			path = "All Your Base64";
			sourceTree = "<group>";
		};
		540A467C23C7AFC900E4A042 /* All Your Base64Tests */ = {
			isa = PBXGroup;
			children = (
				540A467D23C7AFC900E4A042 /* All_Your_Base64Tests.swift */,
				540A467F23C7AFC900E4A042 /* Info.plist */,
			);
			path = "All Your Base64Tests";
			sourceTree = "<group>";
		};
		540A468723C7AFC900E4A042 /* All Your Base64UITests */ = {
			isa = PBXGroup;
			children = (
				540A468823C7AFC900E4A042 /* All_Your_Base64UITests.swift */,
				540A468A23C7AFC900E4A042 /* Info.plist */,
			);
			path = "All Your Base64UITests";
			sourceTree = "<group>";
		};
/* End PBXGroup section */

/* Begin PBXNativeTarget section */
		540A466623C7AFC700E4A042 /* All Your Base64 */ = {
			isa = PBXNativeTarget;
			buildConfigurationList = 540A468D23C7AFC900E4A042 /* Build configuration list for PBXNativeTarget "All Your Base64" */;
			buildPhases = (
				540A466323C7AFC700E4A042 /* Sources */,
				540A466423C7AFC700E4A042 /* Frameworks */,
				540A466523C7AFC700E4A042 /* Resources */,
			);
			buildRules = (
			);
			dependencies = (
			);
			name = "All Your Base64";
			productName = "All Your Base64";
			productReference = 540A466723C7AFC700E4A042 /* All Your Base64.app */;
			productType = "com.apple.product-type.application";
		};
		540A467823C7AFC900E4A042 /* All Your Base64Tests */ = {
			isa = PBXNativeTarget;
			buildConfigurationList = 540A469023C7AFC900E4A042 /* Build configuration list for PBXNativeTarget "All Your Base64Tests" */;
			buildPhases = (
				540A467523C7AFC900E4A042 /* Sources */,
				540A467623C7AFC900E4A042 /* Frameworks */,
				540A467723C7AFC900E4A042 /* Resources */,
			);
			buildRules = (
			);
			dependencies = (
				540A467B23C7AFC900E4A042 /* PBXTargetDependency */,
			);
			name = "All Your Base64Tests";
			productName = "All Your Base64Tests";
			productReference = 540A467923C7AFC900E4A042 /* All Your Base64Tests.xctest */;
			productType = "com.apple.product-type.bundle.unit-test";
		};
		540A468323C7AFC900E4A042 /* All Your Base64UITests */ = {
			isa = PBXNativeTarget;
			buildConfigurationList = 540A469323C7AFC900E4A042 /* Build configuration list for PBXNativeTarget "All Your Base64UITests" */;
			buildPhases = (
				540A468023C7AFC900E4A042 /* Sources */,
				540A468123C7AFC900E4A042 /* Frameworks */,
				540A468223C7AFC900E4A042 /* Resources */,
			);
			buildRules = (
			);
			dependencies = (
				540A468623C7AFC900E4A042 /* PBXTargetDependency */,
			);
			name = "All Your Base64UITests";
			productName = "All Your Base64UITests";
			productReference = 540A468423C7AFC900E4A042 /* All Your Base64UITests.xctest */;
			productType = "com.apple.product-type.bundle.ui-testing";
		};
/* End PBXNativeTarget section */

/* Begin PBXProject section */
		540A465F23C7AFC700E4A042 /* Project object */ = {
			isa = PBXProject;
			attributes = {
				LastSwiftUpdateCheck = 1130;
				LastUpgradeCheck = 1130;
				ORGANIZATIONNAME = "University of Michigan";
				TargetAttributes = {
					540A466623C7AFC700E4A042 = {
						CreatedOnToolsVersion = 11.3;
					};
					540A467823C7AFC900E4A042 = {
						CreatedOnToolsVersion = 11.3;
						TestTargetID = 540A466623C7AFC700E4A042;
					};
					540A468323C7AFC900E4A042 = {
						CreatedOnToolsVersion = 11.3;
						TestTargetID = 540A466623C7AFC700E4A042;
					};
				};
			};
			buildConfigurationList = 540A466223C7AFC700E4A042 /* Build configuration list for PBXProject "All Your Base64" */;
			compatibilityVersion = "Xcode 9.3";
			developmentRegion = en;
			hasScannedForEncodings = 0;
			knownRegions = (
				en,
				Base,
			);
			mainGroup = 540A465E23C7AFC700E4A042;
			productRefGroup = 540A466823C7AFC700E4A042 /* Products */;
			projectDirPath = "";
			projectRoot = "";
			targets = (
				540A466623C7AFC700E4A042 /* All Your Base64 */,
				540A467823C7AFC900E4A042 /* All Your Base64Tests */,
				540A468323C7AFC900E4A042 /* All Your Base64UITests */,
			);
		};
/* End PBXProject section */

/* Begin PBXResourcesBuildPhase section */
		540A466523C7AFC700E4A042 /* Resources */ = {
			isa = PBXResourcesBuildPhase;
			buildActionMask = 2147483647;
			files = (
				540A466F23C7AFC900E4A042 /* Assets.xcassets in Resources */,
				540A467223C7AFC900E4A042 /* Main.storyboard in Resources */,
			);
			runOnlyForDeploymentPostprocessing = 0;
		};
		540A467723C7AFC900E4A042 /* Resources */ = {
			isa = PBXResourcesBuildPhase;
			buildActionMask = 2147483647;
			files = (
			);
			runOnlyForDeploymentPostprocessing = 0;
		};
		540A468223C7AFC900E4A042 /* Resources */ = {
			isa = PBXResourcesBuildPhase;
			buildActionMask = 2147483647;
			files = (
			);
			runOnlyForDeploymentPostprocessing = 0;
		};
/* End PBXResourcesBuildPhase section */

/* Begin PBXSourcesBuildPhase section */
		540A466323C7AFC700E4A042 /* Sources */ = {
			isa = PBXSourcesBuildPhase;
			buildActionMask = 2147483647;
			files = (
				540A466D23C7AFC700E4A042 /* ViewController.swift in Sources */,
				540A466B23C7AFC700E4A042 /* AppDelegate.swift in Sources */,
			);
			runOnlyForDeploymentPostprocessing = 0;
		};
		540A467523C7AFC900E4A042 /* Sources */ = {
			isa = PBXSourcesBuildPhase;
			buildActionMask = 2147483647;
			files = (
				540A467E23C7AFC900E4A042 /* All_Your_Base64Tests.swift in Sources */,
			);
			runOnlyForDeploymentPostprocessing = 0;
		};
		540A468023C7AFC900E4A042 /* Sources */ = {
			isa = PBXSourcesBuildPhase;
			buildActionMask = 2147483647;
			files = (
				540A468923C7AFC900E4A042 /* All_Your_Base64UITests.swift in Sources */,
			);
			runOnlyForDeploymentPostprocessing = 0;
		};
/* End PBXSourcesBuildPhase section */

/* Begin PBXTargetDependency section */
		540A467B23C7AFC900E4A042 /* PBXTargetDependency */ = {
			isa = PBXTargetDependency;
			target = 540A466623C7AFC700E4A042 /* All Your Base64 */;
			targetProxy = 540A467A23C7AFC900E4A042 /* PBXContainerItemProxy */;
		};
		540A468623C7AFC900E4A042 /* PBXTargetDependency */ = {
			isa = PBXTargetDependency;
			target = 540A466623C7AFC700E4A042 /* All Your Base64 */;
			targetProxy = 540A468523C7AFC900E4A042 /* PBXContainerItemProxy */;
		};
/* End PBXTargetDependency section */

/* Begin PBXVariantGroup section */
		540A467023C7AFC900E4A042 /* Main.storyboard */ = {
			isa = PBXVariantGroup;
			children = (
				540A467123C7AFC900E4A042 /* Base */,
			);
			name = Main.storyboard;
			sourceTree = "<group>";
		};
/* End PBXVariantGroup section */

/* Begin XCBuildConfiguration section */
		540A468B23C7AFC900E4A042 /* Debug */ = {
			isa = XCBuildConfiguration;
			buildSettings = {
				ALWAYS_SEARCH_USER_PATHS = NO;
				CLANG_ANALYZER_NONNULL = YES;
				CLANG_ANALYZER_NUMBER_OBJECT_CONVERSION = YES_AGGRESSIVE;
				CLANG_CXX_LANGUAGE_STANDARD = "gnu++14";
				CLANG_CXX_LIBRARY = "libc++";
				CLANG_ENABLE_MODULES = YES;
				CLANG_ENABLE_OBJC_ARC = YES;
				CLANG_ENABLE_OBJC_WEAK = YES;
				CLANG_WARN_BLOCK_CAPTURE_AUTORELEASING = YES;
				CLANG_WARN_BOOL_CONVERSION = YES;
				CLANG_WARN_COMMA = YES;
				CLANG_WARN_CONSTANT_CONVERSION = YES;
				CLANG_WARN_DEPRECATED_OBJC_IMPLEMENTATIONS = YES;
				CLANG_WARN_DIRECT_OBJC_ISA_USAGE = YES_ERROR;
				CLANG_WARN_DOCUMENTATION_COMMENTS = YES;
				CLANG_WARN_EMPTY_BODY = YES;
				CLANG_WARN_ENUM_CONVERSION = YES;
				CLANG_WARN_INFINITE_RECURSION = YES;
				CLANG_WARN_INT_CONVERSION = YES;
				CLANG_WARN_NON_LITERAL_NULL_CONVERSION = YES;
				CLANG_WARN_OBJC_IMPLICIT_RETAIN_SELF = YES;
				CLANG_WARN_OBJC_LITERAL_CONVERSION = YES;
				CLANG_WARN_OBJC_ROOT_CLASS = YES_ERROR;
				CLANG_WARN_RANGE_LOOP_ANALYSIS = YES;
				CLANG_WARN_STRICT_PROTOTYPES = YES;
				CLANG_WARN_SUSPICIOUS_MOVE = YES;
				CLANG_WARN_UNGUARDED_AVAILABILITY = YES_AGGRESSIVE;
				CLANG_WARN_UNREACHABLE_CODE = YES;
				CLANG_WARN__DUPLICATE_METHOD_MATCH = YES;
				COPY_PHASE_STRIP = NO;
				DEBUG_INFORMATION_FORMAT = dwarf;
				ENABLE_STRICT_OBJC_MSGSEND = YES;
				ENABLE_TESTABILITY = YES;
				GCC_C_LANGUAGE_STANDARD = gnu11;
				GCC_DYNAMIC_NO_PIC = NO;
				GCC_NO_COMMON_BLOCKS = YES;
				GCC_OPTIMIZATION_LEVEL = 0;
				GCC_PREPROCESSOR_DEFINITIONS = (
					"DEBUG=1",
					"$(inherited)",
				);
				GCC_WARN_64_TO_32_BIT_CONVERSION = YES;
				GCC_WARN_ABOUT_RETURN_TYPE = YES_ERROR;
				GCC_WARN_UNDECLARED_SELECTOR = YES;
				GCC_WARN_UNINITIALIZED_AUTOS = YES_AGGRESSIVE;
				GCC_WARN_UNUSED_FUNCTION = YES;
				GCC_WARN_UNUSED_VARIABLE = YES;
				MACOSX_DEPLOYMENT_TARGET = 10.15;
				MTL_ENABLE_DEBUG_INFO = INCLUDE_SOURCE;
				MTL_FAST_MATH = YES;
				ONLY_ACTIVE_ARCH = YES;
				SDKROOT = macosx;
				SWIFT_ACTIVE_COMPILATION_CONDITIONS = DEBUG;
				SWIFT_OPTIMIZATION_LEVEL = "-Onone";
			};
			name = Debug;
		};
		540A468C23C7AFC900E4A042 /* Release */ = {
			isa = XCBuildConfiguration;
			buildSettings = {
				ALWAYS_SEARCH_USER_PATHS = NO;
				CLANG_ANALYZER_NONNULL = YES;
				CLANG_ANALYZER_NUMBER_OBJECT_CONVERSION = YES_AGGRESSIVE;
				CLANG_CXX_LANGUAGE_STANDARD = "gnu++14";
				CLANG_CXX_LIBRARY = "libc++";
				CLANG_ENABLE_MODULES = YES;
				CLANG_ENABLE_OBJC_ARC = YES;
				CLANG_ENABLE_OBJC_WEAK = YES;
				CLANG_WARN_BLOCK_CAPTURE_AUTORELEASING = YES;
				CLANG_WARN_BOOL_CONVERSION = YES;
				CLANG_WARN_COMMA = YES;
				CLANG_WARN_CONSTANT_CONVERSION = YES;
				CLANG_WARN_DEPRECATED_OBJC_IMPLEMENTATIONS = YES;
				CLANG_WARN_DIRECT_OBJC_ISA_USAGE = YES_ERROR;
				CLANG_WARN_DOCUMENTATION_COMMENTS = YES;
				CLANG_WARN_EMPTY_BODY = YES;
				CLANG_WARN_ENUM_CONVERSION = YES;
				CLANG_WARN_INFINITE_RECURSION = YES;
				CLANG_WARN_INT_CONVERSION = YES;
				CLANG_WARN_NON_LITERAL_NULL_CONVERSION = YES;
				CLANG_WARN_OBJC_IMPLICIT_RETAIN_SELF = YES;
				CLANG_WARN_OBJC_LITERAL_CONVERSION = YES;
				CLANG_WARN_OBJC_ROOT_CLASS = YES_ERROR;
				CLANG_WARN_RANGE_LOOP_ANALYSIS = YES;
				CLANG_WARN_STRICT_PROTOTYPES = YES;
				CLANG_WARN_SUSPICIOUS_MOVE = YES;
				CLANG_WARN_UNGUARDED_AVAILABILITY = YES_AGGRESSIVE;
				CLANG_WARN_UNREACHABLE_CODE = YES;
				CLANG_WARN__DUPLICATE_METHOD_MATCH = YES;
				COPY_PHASE_STRIP = NO;
				DEBUG_INFORMATION_FORMAT = "dwarf-with-dsym";
				ENABLE_NS_ASSERTIONS = NO;
				ENABLE_STRICT_OBJC_MSGSEND = YES;
				GCC_C_LANGUAGE_STANDARD = gnu11;
				GCC_NO_COMMON_BLOCKS = YES;
				GCC_WARN_64_TO_32_BIT_CONVERSION = YES;
				GCC_WARN_ABOUT_RETURN_TYPE = YES_ERROR;
				GCC_WARN_UNDECLARED_SELECTOR = YES;
				GCC_WARN_UNINITIALIZED_AUTOS = YES_AGGRESSIVE;
				GCC_WARN_UNUSED_FUNCTION = YES;
				GCC_WARN_UNUSED_VARIABLE = YES;
				MACOSX_DEPLOYMENT_TARGET = 10.15;
				MTL_ENABLE_DEBUG_INFO = NO;
				MTL_FAST_MATH = YES;
				SDKROOT = macosx;
				SWIFT_COMPILATION_MODE = wholemodule;
				SWIFT_OPTIMIZATION_LEVEL = "-O";
			};
			name = Release;
		};
		540A468E23C7AFC900E4A042 /* Debug */ = {
			isa = XCBuildConfiguration;
			buildSettings = {
				ASSETCATALOG_COMPILER_APPICON_NAME = AppIcon;
				CODE_SIGN_ENTITLEMENTS = "All Your Base64/All_Your_Base64.entitlements";
				CODE_SIGN_STYLE = Automatic;
				COMBINE_HIDPI_IMAGES = YES;
				DEVELOPMENT_TEAM = D9GZK3CLYY;
				ENABLE_HARDENED_RUNTIME = YES;
				INFOPLIST_FILE = "All Your Base64/Info.plist";
				LD_RUNPATH_SEARCH_PATHS = (
					"$(inherited)",
					"@executable_path/../Frameworks",
				);
				PRODUCT_BUNDLE_IDENTIFIER = edu.umich.its.all.your.base64;
				PRODUCT_NAME = "$(TARGET_NAME)";
				SWIFT_VERSION = 5.0;
			};
			name = Debug;
		};
		540A468F23C7AFC900E4A042 /* Release */ = {
			isa = XCBuildConfiguration;
			buildSettings = {
				ASSETCATALOG_COMPILER_APPICON_NAME = AppIcon;
				CODE_SIGN_ENTITLEMENTS = "All Your Base64/All_Your_Base64.entitlements";
				CODE_SIGN_STYLE = Automatic;
				COMBINE_HIDPI_IMAGES = YES;
				DEVELOPMENT_TEAM = D9GZK3CLYY;
				ENABLE_HARDENED_RUNTIME = YES;
				INFOPLIST_FILE = "All Your Base64/Info.plist";
				LD_RUNPATH_SEARCH_PATHS = (
					"$(inherited)",
					"@executable_path/../Frameworks",
				);
				PRODUCT_BUNDLE_IDENTIFIER = edu.umich.its.all.your.base64;
				PRODUCT_NAME = "$(TARGET_NAME)";
				SWIFT_VERSION = 5.0;
			};
			name = Release;
		};
		540A469123C7AFC900E4A042 /* Debug */ = {
			isa = XCBuildConfiguration;
			buildSettings = {
				ALWAYS_EMBED_SWIFT_STANDARD_LIBRARIES = YES;
				BUNDLE_LOADER = "$(TEST_HOST)";
				CODE_SIGN_STYLE = Automatic;
				COMBINE_HIDPI_IMAGES = YES;
				DEVELOPMENT_TEAM = D9GZK3CLYY;
				INFOPLIST_FILE = "All Your Base64Tests/Info.plist";
				LD_RUNPATH_SEARCH_PATHS = (
					"$(inherited)",
					"@executable_path/../Frameworks",
					"@loader_path/../Frameworks",
				);
				MACOSX_DEPLOYMENT_TARGET = 10.15;
				PRODUCT_BUNDLE_IDENTIFIER = "edu.umich.its.All-Your-Base64Tests";
				PRODUCT_NAME = "$(TARGET_NAME)";
				SWIFT_VERSION = 5.0;
				TEST_HOST = "$(BUILT_PRODUCTS_DIR)/All Your Base64.app/Contents/MacOS/All Your Base64";
			};
			name = Debug;
		};
		540A469223C7AFC900E4A042 /* Release */ = {
			isa = XCBuildConfiguration;
			buildSettings = {
				ALWAYS_EMBED_SWIFT_STANDARD_LIBRARIES = YES;
				BUNDLE_LOADER = "$(TEST_HOST)";
				CODE_SIGN_STYLE = Automatic;
				COMBINE_HIDPI_IMAGES = YES;
				DEVELOPMENT_TEAM = D9GZK3CLYY;
				INFOPLIST_FILE = "All Your Base64Tests/Info.plist";
				LD_RUNPATH_SEARCH_PATHS = (
					"$(inherited)",
					"@executable_path/../Frameworks",
					"@loader_path/../Frameworks",
				);
				MACOSX_DEPLOYMENT_TARGET = 10.15;
				PRODUCT_BUNDLE_IDENTIFIER = "edu.umich.its.All-Your-Base64Tests";
				PRODUCT_NAME = "$(TARGET_NAME)";
				SWIFT_VERSION = 5.0;
				TEST_HOST = "$(BUILT_PRODUCTS_DIR)/All Your Base64.app/Contents/MacOS/All Your Base64";
			};
			name = Release;
		};
		540A469423C7AFC900E4A042 /* Debug */ = {
			isa = XCBuildConfiguration;
			buildSettings = {
				ALWAYS_EMBED_SWIFT_STANDARD_LIBRARIES = YES;
				CODE_SIGN_STYLE = Automatic;
				COMBINE_HIDPI_IMAGES = YES;
				DEVELOPMENT_TEAM = D9GZK3CLYY;
				INFOPLIST_FILE = "All Your Base64UITests/Info.plist";
				LD_RUNPATH_SEARCH_PATHS = (
					"$(inherited)",
					"@executable_path/../Frameworks",
					"@loader_path/../Frameworks",
				);
				PRODUCT_BUNDLE_IDENTIFIER = "edu.umich.its.All-Your-Base64UITests";
				PRODUCT_NAME = "$(TARGET_NAME)";
				SWIFT_VERSION = 5.0;
				TEST_TARGET_NAME = "All Your Base64";
			};
			name = Debug;
		};
		540A469523C7AFC900E4A042 /* Release */ = {
			isa = XCBuildConfiguration;
			buildSettings = {
				ALWAYS_EMBED_SWIFT_STANDARD_LIBRARIES = YES;
				CODE_SIGN_STYLE = Automatic;
				COMBINE_HIDPI_IMAGES = YES;
				DEVELOPMENT_TEAM = D9GZK3CLYY;
				INFOPLIST_FILE = "All Your Base64UITests/Info.plist";
				LD_RUNPATH_SEARCH_PATHS = (
					"$(inherited)",
					"@executable_path/../Frameworks",
					"@loader_path/../Frameworks",
				);
				PRODUCT_BUNDLE_IDENTIFIER = "edu.umich.its.All-Your-Base64UITests";
				PRODUCT_NAME = "$(TARGET_NAME)";
				SWIFT_VERSION = 5.0;
				TEST_TARGET_NAME = "All Your Base64";
			};
			name = Release;
		};
/* End XCBuildConfiguration section */

/* Begin XCConfigurationList section */
		540A466223C7AFC700E4A042 /* Build configuration list for PBXProject "All Your Base64" */ = {
			isa = XCConfigurationList;
			buildConfigurations = (
				540A468B23C7AFC900E4A042 /* Debug */,
				540A468C23C7AFC900E4A042 /* Release */,
			);
			defaultConfigurationIsVisible = 0;
			defaultConfigurationName = Release;
		};
		540A468D23C7AFC900E4A042 /* Build configuration list for PBXNativeTarget "All Your Base64" */ = {
			isa = XCConfigurationList;
			buildConfigurations = (
				540A468E23C7AFC900E4A042 /* Debug */,
				540A468F23C7AFC900E4A042 /* Release */,
			);
			defaultConfigurationIsVisible = 0;
			defaultConfigurationName = Release;
		};
		540A469023C7AFC900E4A042 /* Build configuration list for PBXNativeTarget "All Your Base64Tests" */ = {
			isa = XCConfigurationList;
			buildConfigurations = (
				540A469123C7AFC900E4A042 /* Debug */,
				540A469223C7AFC900E4A042 /* Release */,
			);
			defaultConfigurationIsVisible = 0;
			defaultConfigurationName = Release;
		};
		540A469323C7AFC900E4A042 /* Build configuration list for PBXNativeTarget "All Your Base64UITests" */ = {
			isa = XCConfigurationList;
			buildConfigurations = (
				540A469423C7AFC900E4A042 /* Debug */,
				540A469523C7AFC900E4A042 /* Release */,
			);
			defaultConfigurationIsVisible = 0;
			defaultConfigurationName = Release;
		};
/* End XCConfigurationList section */
	};
	rootObject = 540A465F23C7AFC700E4A042 /* Project object */;
}
